
Microsoft Visual Studio Solution File, Format Version 12.00
# Visual Studio 2015
Project("{FAE04EC0-301F-11D3-BF4B-00C04F79EFBC}") = "NgwUnitySample.CSharp", "NgwUnitySample.CSharp.csproj", "{500307F2-8EDC-2EE1-CA66-7F36636D6073}"
EndProject
Global
	GlobalSection(SolutionConfigurationPlatforms) = preSolution
		Debug|Any CPU = Debug|Any CPU
		Release|Any CPU = Release|Any CPU
	EndGlobalSection
	GlobalSection(ProjectConfigurationPlatforms) = postSolution
		{500307F2-8EDC-2EE1-CA66-7F36636D6073}.Debug|Any CPU.ActiveCfg = Debug|Any CPU
		{500307F2-8EDC-2EE1-CA66-7F36636D6073}.Debug|Any CPU.Build.0 = Debug|Any CPU
		{500307F2-8EDC-2EE1-CA66-7F36636D6073}.Release|Any CPU.ActiveCfg = Release|Any CPU
		{500307F2-8EDC-2EE1-CA66-7F36636D6073}.Release|Any CPU.Build.0 = Release|Any CPU
	EndGlobalSection
	GlobalSection(SolutionProperties) = preSolution
		HideSolutionNode = FALSE
	EndGlobalSection
EndGlobal
